
Microsoft Visual Studio Solution File, Format Version 12.00
# Visual Studio Version 16
VisualStudioVersion = 16.0.30907.101
MinimumVisualStudioVersion = 10.0.40219.1
Project("{FAE04EC0-301F-11D3-BF4B-00C04F79EFBC}") = "CsIntro", "CsIntro\CsIntro.csproj", "{1501FC76-B3A3-49E0-8C9F-CC3588BF1417}"
EndProject
Project("{FAE04EC0-301F-11D3-BF4B-00C04F79EFBC}") = "ClassIntro", "ClassIntro\ClassIntro.csproj", "{94511C32-875E-453F-A0FA-9DEA033233B9}"
EndProject
Project("{FAE04EC0-301F-11D3-BF4B-00C04F79EFBC}") = "Loops", "Loops\Loops.csproj", "{7B4A7C9E-84BB-49D3-99FA-F9DB249542BE}"
EndProject
Project("{FAE04EC0-301F-11D3-BF4B-00C04F79EFBC}") = "Methods", "Methods\Methods.csproj", "{B7D3C6FB-A36E-44A6-942D-80A0F9422DDE}"
EndProject
Global
	GlobalSection(SolutionConfigurationPlatforms) = preSolution
		Debug|Any CPU = Debug|Any CPU
		Release|Any CPU = Release|Any CPU
	EndGlobalSection
	GlobalSection(ProjectConfigurationPlatforms) = postSolution
		{1501FC76-B3A3-49E0-8C9F-CC3588BF1417}.Debug|Any CPU.ActiveCfg = Debug|Any CPU
		{1501FC76-B3A3-49E0-8C9F-CC3588BF1417}.Debug|Any CPU.Build.0 = Debug|Any CPU
		{1501FC76-B3A3-49E0-8C9F-CC3588BF1417}.Release|Any CPU.ActiveCfg = Release|Any CPU
		{1501FC76-B3A3-49E0-8C9F-CC3588BF1417}.Release|Any CPU.Build.0 = Release|Any CPU
		{94511C32-875E-453F-A0FA-9DEA033233B9}.Debug|Any CPU.ActiveCfg = Debug|Any CPU
		{94511C32-875E-453F-A0FA-9DEA033233B9}.Debug|Any CPU.Build.0 = Debug|Any CPU
		{94511C32-875E-453F-A0FA-9DEA033233B9}.Release|Any CPU.ActiveCfg = Release|Any CPU
		{94511C32-875E-453F-A0FA-9DEA033233B9}.Release|Any CPU.Build.0 = Release|Any CPU
		{7B4A7C9E-84BB-49D3-99FA-F9DB249542BE}.Debug|Any CPU.ActiveCfg = Debug|Any CPU
		{7B4A7C9E-84BB-49D3-99FA-F9DB249542BE}.Debug|Any CPU.Build.0 = Debug|Any CPU
		{7B4A7C9E-84BB-49D3-99FA-F9DB249542BE}.Release|Any CPU.ActiveCfg = Release|Any CPU
		{7B4A7C9E-84BB-49D3-99FA-F9DB249542BE}.Release|Any CPU.Build.0 = Release|Any CPU
		{B7D3C6FB-A36E-44A6-942D-80A0F9422DDE}.Debug|Any CPU.ActiveCfg = Debug|Any CPU
		{B7D3C6FB-A36E-44A6-942D-80A0F9422DDE}.Debug|Any CPU.Build.0 = Debug|Any CPU
		{B7D3C6FB-A36E-44A6-942D-80A0F9422DDE}.Release|Any CPU.ActiveCfg = Release|Any CPU
		{B7D3C6FB-A36E-44A6-942D-80A0F9422DDE}.Release|Any CPU.Build.0 = Release|Any CPU
	EndGlobalSection
	GlobalSection(SolutionProperties) = preSolution
		HideSolutionNode = FALSE
	EndGlobalSection
	GlobalSection(ExtensibilityGlobals) = postSolution
		SolutionGuid = {A22695B9-0225-42D7-8DCC-CFE35CAE5537}
	EndGlobalSection
EndGlobal
